
Microsoft Visual Studio Solution File, Format Version 12.00
# Visual Studio Version 16
VisualStudioVersion = 16.0.30907.101
MinimumVisualStudioVersion = 10.0.40219.1
Project("{FAE04EC0-301F-11D3-BF4B-00C04F79EFBC}") = "WebMvcCourse", "WebMvcCourse\WebMvcCourse.csproj", "{3201602B-5EBF-4BC3-85DC-3D6B1A746C92}"
EndProject
Global
	GlobalSection(SolutionConfigurationPlatforms) = preSolution
		Debug|Any CPU = Debug|Any CPU
		Release|Any CPU = Release|Any CPU
	EndGlobalSection
	GlobalSection(ProjectConfigurationPlatforms) = postSolution
		{3201602B-5EBF-4BC3-85DC-3D6B1A746C92}.Debug|Any CPU.ActiveCfg = Debug|Any CPU
		{3201602B-5EBF-4BC3-85DC-3D6B1A746C92}.Debug|Any CPU.Build.0 = Debug|Any CPU
		{3201602B-5EBF-4BC3-85DC-3D6B1A746C92}.Release|Any CPU.ActiveCfg = Release|Any CPU
		{3201602B-5EBF-4BC3-85DC-3D6B1A746C92}.Release|Any CPU.Build.0 = Release|Any CPU
	EndGlobalSection
	GlobalSection(SolutionProperties) = preSolution
		HideSolutionNode = FALSE
	EndGlobalSection
	GlobalSection(ExtensibilityGlobals) = postSolution
		SolutionGuid = {B4B409D3-A87A-473C-AA0A-CFBDF4AEA9F8}
	EndGlobalSection
EndGlobal
